// !$*UTF8*$!
{
	archiveVersion = 1;
	classes = {
	};
	objectVersion = 56;
	objects = {

/* Begin PBXBuildFile section */
		4A22B3162A519D5B00859F68 /* CustomButton.swift in Sources */ = {isa = PBXBuildFile; fileRef = 4A22B3152A519D5B00859F68 /* CustomButton.swift */; };
		4A22B3182A602C6900859F68 /* FeedModel.swift in Sources */ = {isa = PBXBuildFile; fileRef = 4A22B3172A602C6900859F68 /* FeedModel.swift */; };
		4A2C95D329E5B1DD006E82F8 /* ProfileHeaderView.swift in Sources */ = {isa = PBXBuildFile; fileRef = 4A2C95D229E5B1DD006E82F8 /* ProfileHeaderView.swift */; };
		4A51C41629F437CB00767386 /* LogInViewController.swift in Sources */ = {isa = PBXBuildFile; fileRef = 4A51C41529F437CB00767386 /* LogInViewController.swift */; };
		4A60BAE62A30F1F10029FD17 /* StorageService.docc in Sources */ = {isa = PBXBuildFile; fileRef = 4A60BAE52A30F1F10029FD17 /* StorageService.docc */; };
		4A60BAEC2A30F1F10029FD17 /* StorageService.framework in Frameworks */ = {isa = PBXBuildFile; fileRef = 4A60BAE22A30F1F10029FD17 /* StorageService.framework */; };
		4A60BAF32A30F1F10029FD17 /* StorageServiceTests.swift in Sources */ = {isa = PBXBuildFile; fileRef = 4A60BAF22A30F1F10029FD17 /* StorageServiceTests.swift */; };
		4A60BAF42A30F1F10029FD17 /* StorageService.h in Headers */ = {isa = PBXBuildFile; fileRef = 4A60BAE42A30F1F10029FD17 /* StorageService.h */; settings = {ATTRIBUTES = (Public, ); }; };
		4A60BAF72A30F1F10029FD17 /* StorageService.framework in Frameworks */ = {isa = PBXBuildFile; fileRef = 4A60BAE22A30F1F10029FD17 /* StorageService.framework */; };
		4A60BAF82A30F1F10029FD17 /* StorageService.framework in Embed Frameworks */ = {isa = PBXBuildFile; fileRef = 4A60BAE22A30F1F10029FD17 /* StorageService.framework */; settings = {ATTRIBUTES = (CodeSignOnCopy, RemoveHeadersOnCopy, ); }; };
		4A60BB002A30F1FF0029FD17 /* Post.swift in Sources */ = {isa = PBXBuildFile; fileRef = 4A7680C129DEDAC8007070FD /* Post.swift */; };
		4A66E59E29FA7AA2001055DE /* PostsTableViewCell.swift in Sources */ = {isa = PBXBuildFile; fileRef = 4A66E59D29FA7AA2001055DE /* PostsTableViewCell.swift */; };
		4A66E5A029FA7C9C001055DE /* ProfileTableHeaderView.swift in Sources */ = {isa = PBXBuildFile; fileRef = 4A66E59F29FA7C9C001055DE /* ProfileTableHeaderView.swift */; };
		4A66E5A22A03D785001055DE /* PhotosTableViewCell.swift in Sources */ = {isa = PBXBuildFile; fileRef = 4A66E5A12A03D785001055DE /* PhotosTableViewCell.swift */; };
		4A7680A729DEACE3007070FD /* AppDelegate.swift in Sources */ = {isa = PBXBuildFile; fileRef = 4A7680A629DEACE3007070FD /* AppDelegate.swift */; };
		4A7680A929DEACE3007070FD /* SceneDelegate.swift in Sources */ = {isa = PBXBuildFile; fileRef = 4A7680A829DEACE3007070FD /* SceneDelegate.swift */; };
		4A7680B029DEACE4007070FD /* Assets.xcassets in Resources */ = {isa = PBXBuildFile; fileRef = 4A7680AF29DEACE4007070FD /* Assets.xcassets */; };
		4A7680B329DEACE4007070FD /* LaunchScreen.storyboard in Resources */ = {isa = PBXBuildFile; fileRef = 4A7680B129DEACE4007070FD /* LaunchScreen.storyboard */; };
		4A7680BB29DEB870007070FD /* FeedViewController.swift in Sources */ = {isa = PBXBuildFile; fileRef = 4A7680BA29DEB870007070FD /* FeedViewController.swift */; };
		4A7680BD29DEB882007070FD /* ProfileViewController.swift in Sources */ = {isa = PBXBuildFile; fileRef = 4A7680BC29DEB882007070FD /* ProfileViewController.swift */; };
		4A7680BF29DEC53C007070FD /* PostViewController.swift in Sources */ = {isa = PBXBuildFile; fileRef = 4A7680BE29DEC53C007070FD /* PostViewController.swift */; };
		4A7680C729DF0F3F007070FD /* InfoViewController.swift in Sources */ = {isa = PBXBuildFile; fileRef = 4A7680C629DF0F3F007070FD /* InfoViewController.swift */; };
		4A98084A2A39ADD600DA0478 /* User.swift in Sources */ = {isa = PBXBuildFile; fileRef = 4A9808492A39ADD600DA0478 /* User.swift */; };
		4A98084F2A39B0C100DA0478 /* CurrentUserService.swift in Sources */ = {isa = PBXBuildFile; fileRef = 4A98084E2A39B0C100DA0478 /* CurrentUserService.swift */; };
		4A9808542A39D52B00DA0478 /* TestUserService.swift in Sources */ = {isa = PBXBuildFile; fileRef = 4A9808532A39D52B00DA0478 /* TestUserService.swift */; };
		4A98086D2A41C2BA00DA0478 /* Checker.swift in Sources */ = {isa = PBXBuildFile; fileRef = 4A98086C2A41C2BA00DA0478 /* Checker.swift */; };
		4A9B884B2A0502C700923D9A /* PhotoGallery.swift in Sources */ = {isa = PBXBuildFile; fileRef = 4A9B884A2A0502C700923D9A /* PhotoGallery.swift */; };
		4A9B88512A06CD8500923D9A /* PhotosViewController.swift in Sources */ = {isa = PBXBuildFile; fileRef = 4A9B88502A06CD8500923D9A /* PhotosViewController.swift */; };
		4A9B88532A07FF3600923D9A /* PhotosCollectionViewCell.swift in Sources */ = {isa = PBXBuildFile; fileRef = 4A9B88522A07FF3600923D9A /* PhotosCollectionViewCell.swift */; };
		4A9E94162A740A9A00E9BDB9 /* iOSIntPackage in Frameworks */ = {isa = PBXBuildFile; productRef = 4A9E94152A740A9A00E9BDB9 /* iOSIntPackage */; };
		4A9E94292A77025C00E9BDB9 /* PasswordBruteForce.swift in Sources */ = {isa = PBXBuildFile; fileRef = 4A9E94282A77025C00E9BDB9 /* PasswordBruteForce.swift */; };
		4A9E942C2A7712A900E9BDB9 /* Toast in Frameworks */ = {isa = PBXBuildFile; productRef = 4A9E942B2A7712A900E9BDB9 /* Toast */; };
/* End PBXBuildFile section */

/* Begin PBXContainerItemProxy section */
		4A60BAED2A30F1F10029FD17 /* PBXContainerItemProxy */ = {
			isa = PBXContainerItemProxy;
			containerPortal = 4A76809B29DEACE3007070FD /* Project object */;
			proxyType = 1;
			remoteGlobalIDString = 4A60BAE12A30F1F10029FD17;
			remoteInfo = StorageService;
		};
		4A60BAEF2A30F1F10029FD17 /* PBXContainerItemProxy */ = {
			isa = PBXContainerItemProxy;
			containerPortal = 4A76809B29DEACE3007070FD /* Project object */;
			proxyType = 1;
			remoteGlobalIDString = 4A7680A229DEACE3007070FD;
			remoteInfo = Navigation;
		};
		4A60BAF52A30F1F10029FD17 /* PBXContainerItemProxy */ = {
			isa = PBXContainerItemProxy;
			containerPortal = 4A76809B29DEACE3007070FD /* Project object */;
			proxyType = 1;
			remoteGlobalIDString = 4A60BAE12A30F1F10029FD17;
			remoteInfo = StorageService;
		};
/* End PBXContainerItemProxy section */

/* Begin PBXCopyFilesBuildPhase section */
		4A60BAF92A30F1F10029FD17 /* Embed Frameworks */ = {
			isa = PBXCopyFilesBuildPhase;
			buildActionMask = 2147483647;
			dstPath = "";
			dstSubfolderSpec = 10;
			files = (
				4A60BAF82A30F1F10029FD17 /* StorageService.framework in Embed Frameworks */,
			);
			name = "Embed Frameworks";
			runOnlyForDeploymentPostprocessing = 0;
		};
/* End PBXCopyFilesBuildPhase section */

/* Begin PBXFileReference section */
		4A22B3152A519D5B00859F68 /* CustomButton.swift */ = {isa = PBXFileReference; lastKnownFileType = sourcecode.swift; path = CustomButton.swift; sourceTree = "<group>"; };
		4A22B3172A602C6900859F68 /* FeedModel.swift */ = {isa = PBXFileReference; lastKnownFileType = sourcecode.swift; path = FeedModel.swift; sourceTree = "<group>"; };
		4A2C95D229E5B1DD006E82F8 /* ProfileHeaderView.swift */ = {isa = PBXFileReference; lastKnownFileType = sourcecode.swift; path = ProfileHeaderView.swift; sourceTree = "<group>"; };
		4A51C41529F437CB00767386 /* LogInViewController.swift */ = {isa = PBXFileReference; lastKnownFileType = sourcecode.swift; path = LogInViewController.swift; sourceTree = "<group>"; };
		4A60BAE22A30F1F10029FD17 /* StorageService.framework */ = {isa = PBXFileReference; explicitFileType = wrapper.framework; includeInIndex = 0; path = StorageService.framework; sourceTree = BUILT_PRODUCTS_DIR; };
		4A60BAE42A30F1F10029FD17 /* StorageService.h */ = {isa = PBXFileReference; lastKnownFileType = sourcecode.c.h; path = StorageService.h; sourceTree = "<group>"; };
		4A60BAE52A30F1F10029FD17 /* StorageService.docc */ = {isa = PBXFileReference; lastKnownFileType = folder.documentationcatalog; path = StorageService.docc; sourceTree = "<group>"; };
		4A60BAEB2A30F1F10029FD17 /* StorageServiceTests.xctest */ = {isa = PBXFileReference; explicitFileType = wrapper.cfbundle; includeInIndex = 0; path = StorageServiceTests.xctest; sourceTree = BUILT_PRODUCTS_DIR; };
		4A60BAF22A30F1F10029FD17 /* StorageServiceTests.swift */ = {isa = PBXFileReference; lastKnownFileType = sourcecode.swift; path = StorageServiceTests.swift; sourceTree = "<group>"; };
		4A66E59D29FA7AA2001055DE /* PostsTableViewCell.swift */ = {isa = PBXFileReference; lastKnownFileType = sourcecode.swift; path = PostsTableViewCell.swift; sourceTree = "<group>"; };
		4A66E59F29FA7C9C001055DE /* ProfileTableHeaderView.swift */ = {isa = PBXFileReference; lastKnownFileType = sourcecode.swift; path = ProfileTableHeaderView.swift; sourceTree = "<group>"; };
		4A66E5A12A03D785001055DE /* PhotosTableViewCell.swift */ = {isa = PBXFileReference; lastKnownFileType = sourcecode.swift; path = PhotosTableViewCell.swift; sourceTree = "<group>"; };
		4A7680A329DEACE3007070FD /* Navigation.app */ = {isa = PBXFileReference; explicitFileType = wrapper.application; includeInIndex = 0; path = Navigation.app; sourceTree = BUILT_PRODUCTS_DIR; };
		4A7680A629DEACE3007070FD /* AppDelegate.swift */ = {isa = PBXFileReference; lastKnownFileType = sourcecode.swift; path = AppDelegate.swift; sourceTree = "<group>"; };
		4A7680A829DEACE3007070FD /* SceneDelegate.swift */ = {isa = PBXFileReference; lastKnownFileType = sourcecode.swift; path = SceneDelegate.swift; sourceTree = "<group>"; };
		4A7680AF29DEACE4007070FD /* Assets.xcassets */ = {isa = PBXFileReference; lastKnownFileType = folder.assetcatalog; path = Assets.xcassets; sourceTree = "<group>"; };
		4A7680B229DEACE4007070FD /* Base */ = {isa = PBXFileReference; lastKnownFileType = file.storyboard; name = Base; path = Base.lproj/LaunchScreen.storyboard; sourceTree = "<group>"; };
		4A7680B429DEACE4007070FD /* Info.plist */ = {isa = PBXFileReference; lastKnownFileType = text.plist.xml; path = Info.plist; sourceTree = "<group>"; };
		4A7680BA29DEB870007070FD /* FeedViewController.swift */ = {isa = PBXFileReference; lastKnownFileType = sourcecode.swift; path = FeedViewController.swift; sourceTree = "<group>"; };
		4A7680BC29DEB882007070FD /* ProfileViewController.swift */ = {isa = PBXFileReference; lastKnownFileType = sourcecode.swift; path = ProfileViewController.swift; sourceTree = "<group>"; };
		4A7680BE29DEC53C007070FD /* PostViewController.swift */ = {isa = PBXFileReference; lastKnownFileType = sourcecode.swift; path = PostViewController.swift; sourceTree = "<group>"; };
		4A7680C129DEDAC8007070FD /* Post.swift */ = {isa = PBXFileReference; lastKnownFileType = sourcecode.swift; path = Post.swift; sourceTree = "<group>"; };
		4A7680C629DF0F3F007070FD /* InfoViewController.swift */ = {isa = PBXFileReference; lastKnownFileType = sourcecode.swift; path = InfoViewController.swift; sourceTree = "<group>"; };
		4A9808492A39ADD600DA0478 /* User.swift */ = {isa = PBXFileReference; lastKnownFileType = sourcecode.swift; path = User.swift; sourceTree = "<group>"; };
		4A98084E2A39B0C100DA0478 /* CurrentUserService.swift */ = {isa = PBXFileReference; lastKnownFileType = sourcecode.swift; path = CurrentUserService.swift; sourceTree = "<group>"; };
		4A9808532A39D52B00DA0478 /* TestUserService.swift */ = {isa = PBXFileReference; lastKnownFileType = sourcecode.swift; path = TestUserService.swift; sourceTree = "<group>"; };
		4A98086C2A41C2BA00DA0478 /* Checker.swift */ = {isa = PBXFileReference; lastKnownFileType = sourcecode.swift; path = Checker.swift; sourceTree = "<group>"; };
		4A9B884A2A0502C700923D9A /* PhotoGallery.swift */ = {isa = PBXFileReference; lastKnownFileType = sourcecode.swift; path = PhotoGallery.swift; sourceTree = "<group>"; };
		4A9B88502A06CD8500923D9A /* PhotosViewController.swift */ = {isa = PBXFileReference; lastKnownFileType = sourcecode.swift; path = PhotosViewController.swift; sourceTree = "<group>"; };
		4A9B88522A07FF3600923D9A /* PhotosCollectionViewCell.swift */ = {isa = PBXFileReference; lastKnownFileType = sourcecode.swift; path = PhotosCollectionViewCell.swift; sourceTree = "<group>"; };
		4A9E94282A77025C00E9BDB9 /* PasswordBruteForce.swift */ = {isa = PBXFileReference; lastKnownFileType = sourcecode.swift; path = PasswordBruteForce.swift; sourceTree = "<group>"; };
/* End PBXFileReference section */

/* Begin PBXFrameworksBuildPhase section */
		4A60BADF2A30F1F10029FD17 /* Frameworks */ = {
			isa = PBXFrameworksBuildPhase;
			buildActionMask = 2147483647;
			files = (
			);
			runOnlyForDeploymentPostprocessing = 0;
		};
		4A60BAE82A30F1F10029FD17 /* Frameworks */ = {
			isa = PBXFrameworksBuildPhase;
			buildActionMask = 2147483647;
			files = (
				4A60BAEC2A30F1F10029FD17 /* StorageService.framework in Frameworks */,
			);
			runOnlyForDeploymentPostprocessing = 0;
		};
		4A7680A029DEACE3007070FD /* Frameworks */ = {
			isa = PBXFrameworksBuildPhase;
			buildActionMask = 2147483647;
			files = (
				4A9E942C2A7712A900E9BDB9 /* Toast in Frameworks */,
				4A9E94162A740A9A00E9BDB9 /* iOSIntPackage in Frameworks */,
				4A60BAF72A30F1F10029FD17 /* StorageService.framework in Frameworks */,
			);
			runOnlyForDeploymentPostprocessing = 0;
		};
/* End PBXFrameworksBuildPhase section */

/* Begin PBXGroup section */
		4A2C95D129E5B1A8006E82F8 /* Profile */ = {
			isa = PBXGroup;
			children = (
				4A2C95D229E5B1DD006E82F8 /* ProfileHeaderView.swift */,
				4A7680BC29DEB882007070FD /* ProfileViewController.swift */,
				4A51C41529F437CB00767386 /* LogInViewController.swift */,
			);
			path = Profile;
			sourceTree = "<group>";
		};
		4A60BAE32A30F1F10029FD17 /* StorageService */ = {
			isa = PBXGroup;
			children = (
				4A60BAE42A30F1F10029FD17 /* StorageService.h */,
				4A60BAE52A30F1F10029FD17 /* StorageService.docc */,
			);
			path = StorageService;
			sourceTree = "<group>";
		};
		4A60BAF12A30F1F10029FD17 /* StorageServiceTests */ = {
			isa = PBXGroup;
			children = (
				4A60BAF22A30F1F10029FD17 /* StorageServiceTests.swift */,
			);
			path = StorageServiceTests;
			sourceTree = "<group>";
		};
		4A66E59729F995B4001055DE /* TableViewCell */ = {
			isa = PBXGroup;
			children = (
				4A66E59D29FA7AA2001055DE /* PostsTableViewCell.swift */,
				4A66E59F29FA7C9C001055DE /* ProfileTableHeaderView.swift */,
				4A66E5A12A03D785001055DE /* PhotosTableViewCell.swift */,
				4A9B88522A07FF3600923D9A /* PhotosCollectionViewCell.swift */,
			);
			path = TableViewCell;
			sourceTree = "<group>";
		};
		4A66E59C29FA6627001055DE /* AppDelegate */ = {
			isa = PBXGroup;
			children = (
				4A7680A629DEACE3007070FD /* AppDelegate.swift */,
				4A7680A829DEACE3007070FD /* SceneDelegate.swift */,
			);
			path = AppDelegate;
			sourceTree = "<group>";
		};
		4A76809A29DEACE3007070FD = {
			isa = PBXGroup;
			children = (
				4A7680A529DEACE3007070FD /* Navigation */,
				4A60BAE32A30F1F10029FD17 /* StorageService */,
				4A60BAF12A30F1F10029FD17 /* StorageServiceTests */,
				4A7680A429DEACE3007070FD /* Products */,
			);
			sourceTree = "<group>";
		};
		4A7680A429DEACE3007070FD /* Products */ = {
			isa = PBXGroup;
			children = (
				4A7680A329DEACE3007070FD /* Navigation.app */,
				4A60BAE22A30F1F10029FD17 /* StorageService.framework */,
				4A60BAEB2A30F1F10029FD17 /* StorageServiceTests.xctest */,
			);
			name = Products;
			sourceTree = "<group>";
		};
		4A7680A529DEACE3007070FD /* Navigation */ = {
			isa = PBXGroup;
			children = (
				4A22B3152A519D5B00859F68 /* CustomButton.swift */,
				4A98084B2A39B07E00DA0478 /* Model */,
				4A7680C329DEDF20007070FD /* Data */,
				4A66E59C29FA6627001055DE /* AppDelegate */,
				4A2C95D129E5B1A8006E82F8 /* Profile */,
				4A66E59729F995B4001055DE /* TableViewCell */,
				4A7680C029DECB4B007070FD /* Controllers */,
				4A7680AF29DEACE4007070FD /* Assets.xcassets */,
				4A7680B129DEACE4007070FD /* LaunchScreen.storyboard */,
				4A7680B429DEACE4007070FD /* Info.plist */,
			);
			path = Navigation;
			sourceTree = "<group>";
		};
		4A7680C029DECB4B007070FD /* Controllers */ = {
			isa = PBXGroup;
			children = (
				4A7680BA29DEB870007070FD /* FeedViewController.swift */,
				4A7680BE29DEC53C007070FD /* PostViewController.swift */,
				4A7680C629DF0F3F007070FD /* InfoViewController.swift */,
				4A9B88502A06CD8500923D9A /* PhotosViewController.swift */,
			);
			path = Controllers;
			sourceTree = "<group>";
		};
		4A7680C329DEDF20007070FD /* Data */ = {
			isa = PBXGroup;
			children = (
				4A7680C129DEDAC8007070FD /* Post.swift */,
				4A9B884A2A0502C700923D9A /* PhotoGallery.swift */,
			);
			path = Data;
			sourceTree = "<group>";
		};
		4A98084B2A39B07E00DA0478 /* Model */ = {
			isa = PBXGroup;
			children = (
				4A9808492A39ADD600DA0478 /* User.swift */,
				4A98084E2A39B0C100DA0478 /* CurrentUserService.swift */,
				4A9808532A39D52B00DA0478 /* TestUserService.swift */,
				4A98086C2A41C2BA00DA0478 /* Checker.swift */,
				4A22B3172A602C6900859F68 /* FeedModel.swift */,
				4A9E94282A77025C00E9BDB9 /* PasswordBruteForce.swift */,
			);
			path = Model;
			sourceTree = "<group>";
		};
/* End PBXGroup section */

/* Begin PBXHeadersBuildPhase section */
		4A60BADD2A30F1F10029FD17 /* Headers */ = {
			isa = PBXHeadersBuildPhase;
			buildActionMask = 2147483647;
			files = (
				4A60BAF42A30F1F10029FD17 /* StorageService.h in Headers */,
			);
			runOnlyForDeploymentPostprocessing = 0;
		};
/* End PBXHeadersBuildPhase section */

/* Begin PBXNativeTarget section */
		4A60BAE12A30F1F10029FD17 /* StorageService */ = {
			isa = PBXNativeTarget;
			buildConfigurationList = 4A60BAFE2A30F1F10029FD17 /* Build configuration list for PBXNativeTarget "StorageService" */;
			buildPhases = (
				4A60BADD2A30F1F10029FD17 /* Headers */,
				4A60BADE2A30F1F10029FD17 /* Sources */,
				4A60BADF2A30F1F10029FD17 /* Frameworks */,
				4A60BAE02A30F1F10029FD17 /* Resources */,
			);
			buildRules = (
			);
			dependencies = (
			);
			name = StorageService;
			productName = StorageService;
			productReference = 4A60BAE22A30F1F10029FD17 /* StorageService.framework */;
			productType = "com.apple.product-type.framework";
		};
		4A60BAEA2A30F1F10029FD17 /* StorageServiceTests */ = {
			isa = PBXNativeTarget;
			buildConfigurationList = 4A60BAFF2A30F1F10029FD17 /* Build configuration list for PBXNativeTarget "StorageServiceTests" */;
			buildPhases = (
				4A60BAE72A30F1F10029FD17 /* Sources */,
				4A60BAE82A30F1F10029FD17 /* Frameworks */,
				4A60BAE92A30F1F10029FD17 /* Resources */,
			);
			buildRules = (
			);
			dependencies = (
				4A60BAEE2A30F1F10029FD17 /* PBXTargetDependency */,
				4A60BAF02A30F1F10029FD17 /* PBXTargetDependency */,
			);
			name = StorageServiceTests;
			productName = StorageServiceTests;
			productReference = 4A60BAEB2A30F1F10029FD17 /* StorageServiceTests.xctest */;
			productType = "com.apple.product-type.bundle.unit-test";
		};
		4A7680A229DEACE3007070FD /* Navigation */ = {
			isa = PBXNativeTarget;
			buildConfigurationList = 4A7680B729DEACE4007070FD /* Build configuration list for PBXNativeTarget "Navigation" */;
			buildPhases = (
				4A76809F29DEACE3007070FD /* Sources */,
				4A7680A029DEACE3007070FD /* Frameworks */,
				4A7680A129DEACE3007070FD /* Resources */,
				4A60BAF92A30F1F10029FD17 /* Embed Frameworks */,
			);
			buildRules = (
			);
			dependencies = (
				4A60BAF62A30F1F10029FD17 /* PBXTargetDependency */,
			);
			name = Navigation;
			packageProductDependencies = (
				4A9E94152A740A9A00E9BDB9 /* iOSIntPackage */,
				4A9E942B2A7712A900E9BDB9 /* Toast */,
			);
			productName = Navigation;
			productReference = 4A7680A329DEACE3007070FD /* Navigation.app */;
			productType = "com.apple.product-type.application";
		};
/* End PBXNativeTarget section */

/* Begin PBXProject section */
		4A76809B29DEACE3007070FD /* Project object */ = {
			isa = PBXProject;
			attributes = {
				BuildIndependentTargetsInParallel = 1;
				LastSwiftUpdateCheck = 1430;
				LastUpgradeCheck = 1430;
				TargetAttributes = {
					4A60BAE12A30F1F10029FD17 = {
						CreatedOnToolsVersion = 14.3.1;
					};
					4A60BAEA2A30F1F10029FD17 = {
						CreatedOnToolsVersion = 14.3.1;
						TestTargetID = 4A7680A229DEACE3007070FD;
					};
					4A7680A229DEACE3007070FD = {
						CreatedOnToolsVersion = 14.3;
					};
				};
			};
			buildConfigurationList = 4A76809E29DEACE3007070FD /* Build configuration list for PBXProject "Navigation" */;
			compatibilityVersion = "Xcode 14.0";
			developmentRegion = en;
			hasScannedForEncodings = 0;
			knownRegions = (
				en,
				Base,
			);
			mainGroup = 4A76809A29DEACE3007070FD;
			packageReferences = (
				4A9E94142A740A9A00E9BDB9 /* XCRemoteSwiftPackageReference "iOSIntPackage" */,
				4A9E942A2A7712A900E9BDB9 /* XCRemoteSwiftPackageReference "Toast-Swift" */,
			);
			productRefGroup = 4A7680A429DEACE3007070FD /* Products */;
			projectDirPath = "";
			projectRoot = "";
			targets = (
				4A7680A229DEACE3007070FD /* Navigation */,
				4A60BAE12A30F1F10029FD17 /* StorageService */,
				4A60BAEA2A30F1F10029FD17 /* StorageServiceTests */,
			);
		};
/* End PBXProject section */

/* Begin PBXResourcesBuildPhase section */
		4A60BAE02A30F1F10029FD17 /* Resources */ = {
			isa = PBXResourcesBuildPhase;
			buildActionMask = 2147483647;
			files = (
			);
			runOnlyForDeploymentPostprocessing = 0;
		};
		4A60BAE92A30F1F10029FD17 /* Resources */ = {
			isa = PBXResourcesBuildPhase;
			buildActionMask = 2147483647;
			files = (
			);
			runOnlyForDeploymentPostprocessing = 0;
		};
		4A7680A129DEACE3007070FD /* Resources */ = {
			isa = PBXResourcesBuildPhase;
			buildActionMask = 2147483647;
			files = (
				4A7680B329DEACE4007070FD /* LaunchScreen.storyboard in Resources */,
				4A7680B029DEACE4007070FD /* Assets.xcassets in Resources */,
			);
			runOnlyForDeploymentPostprocessing = 0;
		};
/* End PBXResourcesBuildPhase section */

/* Begin PBXSourcesBuildPhase section */
		4A60BADE2A30F1F10029FD17 /* Sources */ = {
			isa = PBXSourcesBuildPhase;
			buildActionMask = 2147483647;
			files = (
				4A60BAE62A30F1F10029FD17 /* StorageService.docc in Sources */,
				4A60BB002A30F1FF0029FD17 /* Post.swift in Sources */,
			);
			runOnlyForDeploymentPostprocessing = 0;
		};
		4A60BAE72A30F1F10029FD17 /* Sources */ = {
			isa = PBXSourcesBuildPhase;
			buildActionMask = 2147483647;
			files = (
				4A60BAF32A30F1F10029FD17 /* StorageServiceTests.swift in Sources */,
			);
			runOnlyForDeploymentPostprocessing = 0;
		};
		4A76809F29DEACE3007070FD /* Sources */ = {
			isa = PBXSourcesBuildPhase;
			buildActionMask = 2147483647;
			files = (
				4A66E5A22A03D785001055DE /* PhotosTableViewCell.swift in Sources */,
				4A22B3162A519D5B00859F68 /* CustomButton.swift in Sources */,
				4A7680A729DEACE3007070FD /* AppDelegate.swift in Sources */,
				4A7680BB29DEB870007070FD /* FeedViewController.swift in Sources */,
				4A51C41629F437CB00767386 /* LogInViewController.swift in Sources */,
				4A7680BD29DEB882007070FD /* ProfileViewController.swift in Sources */,
				4A7680C729DF0F3F007070FD /* InfoViewController.swift in Sources */,
				4A22B3182A602C6900859F68 /* FeedModel.swift in Sources */,
				4A98084F2A39B0C100DA0478 /* CurrentUserService.swift in Sources */,
				4A98086D2A41C2BA00DA0478 /* Checker.swift in Sources */,
				4A7680A929DEACE3007070FD /* SceneDelegate.swift in Sources */,
				4A9B884B2A0502C700923D9A /* PhotoGallery.swift in Sources */,
				4A98084A2A39ADD600DA0478 /* User.swift in Sources */,
				4A66E59E29FA7AA2001055DE /* PostsTableViewCell.swift in Sources */,
				4A7680BF29DEC53C007070FD /* PostViewController.swift in Sources */,
				4A9B88532A07FF3600923D9A /* PhotosCollectionViewCell.swift in Sources */,
				4A9808542A39D52B00DA0478 /* TestUserService.swift in Sources */,
				4A9E94292A77025C00E9BDB9 /* PasswordBruteForce.swift in Sources */,
				4A9B88512A06CD8500923D9A /* PhotosViewController.swift in Sources */,
				4A66E5A029FA7C9C001055DE /* ProfileTableHeaderView.swift in Sources */,
				4A2C95D329E5B1DD006E82F8 /* ProfileHeaderView.swift in Sources */,
			);
			runOnlyForDeploymentPostprocessing = 0;
		};
/* End PBXSourcesBuildPhase section */

/* Begin PBXTargetDependency section */
		4A60BAEE2A30F1F10029FD17 /* PBXTargetDependency */ = {
			isa = PBXTargetDependency;
			target = 4A60BAE12A30F1F10029FD17 /* StorageService */;
			targetProxy = 4A60BAED2A30F1F10029FD17 /* PBXContainerItemProxy */;
		};
		4A60BAF02A30F1F10029FD17 /* PBXTargetDependency */ = {
			isa = PBXTargetDependency;
			target = 4A7680A229DEACE3007070FD /* Navigation */;
			targetProxy = 4A60BAEF2A30F1F10029FD17 /* PBXContainerItemProxy */;
		};
		4A60BAF62A30F1F10029FD17 /* PBXTargetDependency */ = {
			isa = PBXTargetDependency;
			target = 4A60BAE12A30F1F10029FD17 /* StorageService */;
			targetProxy = 4A60BAF52A30F1F10029FD17 /* PBXContainerItemProxy */;
		};
/* End PBXTargetDependency section */

/* Begin PBXVariantGroup section */
		4A7680B129DEACE4007070FD /* LaunchScreen.storyboard */ = {
			isa = PBXVariantGroup;
			children = (
				4A7680B229DEACE4007070FD /* Base */,
			);
			name = LaunchScreen.storyboard;
			sourceTree = "<group>";
		};
/* End PBXVariantGroup section */

/* Begin XCBuildConfiguration section */
		4A60BAFA2A30F1F10029FD17 /* Debug */ = {
			isa = XCBuildConfiguration;
			buildSettings = {
				CODE_SIGN_STYLE = Automatic;
				CURRENT_PROJECT_VERSION = 1;
				DEFINES_MODULE = YES;
				DYLIB_COMPATIBILITY_VERSION = 1;
				DYLIB_CURRENT_VERSION = 1;
				DYLIB_INSTALL_NAME_BASE = "@rpath";
				ENABLE_MODULE_VERIFIER = YES;
				GENERATE_INFOPLIST_FILE = YES;
				INFOPLIST_KEY_NSHumanReadableCopyright = "";
				INSTALL_PATH = "$(LOCAL_LIBRARY_DIR)/Frameworks";
				LD_RUNPATH_SEARCH_PATHS = (
					"$(inherited)",
					"@executable_path/Frameworks",
					"@loader_path/Frameworks",
				);
				MARKETING_VERSION = 1.0;
				MODULE_VERIFIER_SUPPORTED_LANGUAGES = "objective-c objective-c++";
				MODULE_VERIFIER_SUPPORTED_LANGUAGE_STANDARDS = "gnu11 gnu++20";
				PRODUCT_BUNDLE_IDENTIFIER = com.maybert.StorageService;
				PRODUCT_NAME = "$(TARGET_NAME:c99extidentifier)";
				SKIP_INSTALL = YES;
				SWIFT_EMIT_LOC_STRINGS = YES;
				SWIFT_VERSION = 5.0;
				TARGETED_DEVICE_FAMILY = "1,2";
				VERSIONING_SYSTEM = "apple-generic";
				VERSION_INFO_PREFIX = "";
			};
			name = Debug;
		};
		4A60BAFB2A30F1F10029FD17 /* Release */ = {
			isa = XCBuildConfiguration;
			buildSettings = {
				CODE_SIGN_STYLE = Automatic;
				CURRENT_PROJECT_VERSION = 1;
				DEFINES_MODULE = YES;
				DYLIB_COMPATIBILITY_VERSION = 1;
				DYLIB_CURRENT_VERSION = 1;
				DYLIB_INSTALL_NAME_BASE = "@rpath";
				ENABLE_MODULE_VERIFIER = YES;
				GENERATE_INFOPLIST_FILE = YES;
				INFOPLIST_KEY_NSHumanReadableCopyright = "";
				INSTALL_PATH = "$(LOCAL_LIBRARY_DIR)/Frameworks";
				LD_RUNPATH_SEARCH_PATHS = (
					"$(inherited)",
					"@executable_path/Frameworks",
					"@loader_path/Frameworks",
				);
				MARKETING_VERSION = 1.0;
				MODULE_VERIFIER_SUPPORTED_LANGUAGES = "objective-c objective-c++";
				MODULE_VERIFIER_SUPPORTED_LANGUAGE_STANDARDS = "gnu11 gnu++20";
				PRODUCT_BUNDLE_IDENTIFIER = com.maybert.StorageService;
				PRODUCT_NAME = "$(TARGET_NAME:c99extidentifier)";
				SKIP_INSTALL = YES;
				SWIFT_EMIT_LOC_STRINGS = YES;
				SWIFT_VERSION = 5.0;
				TARGETED_DEVICE_FAMILY = "1,2";
				VERSIONING_SYSTEM = "apple-generic";
				VERSION_INFO_PREFIX = "";
			};
			name = Release;
		};
		4A60BAFC2A30F1F10029FD17 /* Debug */ = {
			isa = XCBuildConfiguration;
			buildSettings = {
				ALWAYS_EMBED_SWIFT_STANDARD_LIBRARIES = YES;
				CODE_SIGN_STYLE = Automatic;
				CURRENT_PROJECT_VERSION = 1;
				DEVELOPMENT_TEAM = 7PUJF8P767;
				GENERATE_INFOPLIST_FILE = YES;
				MARKETING_VERSION = 1.0;
				PRODUCT_BUNDLE_IDENTIFIER = com.maybert.StorageServiceTests;
				PRODUCT_NAME = "$(TARGET_NAME)";
				SWIFT_EMIT_LOC_STRINGS = NO;
				SWIFT_VERSION = 5.0;
				TARGETED_DEVICE_FAMILY = "1,2";
				TEST_HOST = "$(BUILT_PRODUCTS_DIR)/Navigation.app/$(BUNDLE_EXECUTABLE_FOLDER_PATH)/Navigation";
			};
			name = Debug;
		};
		4A60BAFD2A30F1F10029FD17 /* Release */ = {
			isa = XCBuildConfiguration;
			buildSettings = {
				ALWAYS_EMBED_SWIFT_STANDARD_LIBRARIES = YES;
				CODE_SIGN_STYLE = Automatic;
				CURRENT_PROJECT_VERSION = 1;
				DEVELOPMENT_TEAM = 7PUJF8P767;
				GENERATE_INFOPLIST_FILE = YES;
				MARKETING_VERSION = 1.0;
				PRODUCT_BUNDLE_IDENTIFIER = com.maybert.StorageServiceTests;
				PRODUCT_NAME = "$(TARGET_NAME)";
				SWIFT_EMIT_LOC_STRINGS = NO;
				SWIFT_VERSION = 5.0;
				TARGETED_DEVICE_FAMILY = "1,2";
				TEST_HOST = "$(BUILT_PRODUCTS_DIR)/Navigation.app/$(BUNDLE_EXECUTABLE_FOLDER_PATH)/Navigation";
			};
			name = Release;
		};
		4A7680B529DEACE4007070FD /* Debug */ = {
			isa = XCBuildConfiguration;
			buildSettings = {
				ALWAYS_SEARCH_USER_PATHS = NO;
				CLANG_ANALYZER_NONNULL = YES;
				CLANG_ANALYZER_NUMBER_OBJECT_CONVERSION = YES_AGGRESSIVE;
				CLANG_CXX_LANGUAGE_STANDARD = "gnu++20";
				CLANG_ENABLE_MODULES = YES;
				CLANG_ENABLE_OBJC_ARC = YES;
				CLANG_ENABLE_OBJC_WEAK = YES;
				CLANG_WARN_BLOCK_CAPTURE_AUTORELEASING = YES;
				CLANG_WARN_BOOL_CONVERSION = YES;
				CLANG_WARN_COMMA = YES;
				CLANG_WARN_CONSTANT_CONVERSION = YES;
				CLANG_WARN_DEPRECATED_OBJC_IMPLEMENTATIONS = YES;
				CLANG_WARN_DIRECT_OBJC_ISA_USAGE = YES_ERROR;
				CLANG_WARN_DOCUMENTATION_COMMENTS = YES;
				CLANG_WARN_EMPTY_BODY = YES;
				CLANG_WARN_ENUM_CONVERSION = YES;
				CLANG_WARN_INFINITE_RECURSION = YES;
				CLANG_WARN_INT_CONVERSION = YES;
				CLANG_WARN_NON_LITERAL_NULL_CONVERSION = YES;
				CLANG_WARN_OBJC_IMPLICIT_RETAIN_SELF = YES;
				CLANG_WARN_OBJC_LITERAL_CONVERSION = YES;
				CLANG_WARN_OBJC_ROOT_CLASS = YES_ERROR;
				CLANG_WARN_QUOTED_INCLUDE_IN_FRAMEWORK_HEADER = YES;
				CLANG_WARN_RANGE_LOOP_ANALYSIS = YES;
				CLANG_WARN_STRICT_PROTOTYPES = YES;
				CLANG_WARN_SUSPICIOUS_MOVE = YES;
				CLANG_WARN_UNGUARDED_AVAILABILITY = YES_AGGRESSIVE;
				CLANG_WARN_UNREACHABLE_CODE = YES;
				CLANG_WARN__DUPLICATE_METHOD_MATCH = YES;
				COPY_PHASE_STRIP = NO;
				DEBUG_INFORMATION_FORMAT = dwarf;
				ENABLE_STRICT_OBJC_MSGSEND = YES;
				ENABLE_TESTABILITY = YES;
				GCC_C_LANGUAGE_STANDARD = gnu11;
				GCC_DYNAMIC_NO_PIC = NO;
				GCC_NO_COMMON_BLOCKS = YES;
				GCC_OPTIMIZATION_LEVEL = 0;
				GCC_PREPROCESSOR_DEFINITIONS = (
					"DEBUG=1",
					"$(inherited)",
				);
				GCC_WARN_64_TO_32_BIT_CONVERSION = YES;
				GCC_WARN_ABOUT_RETURN_TYPE = YES_ERROR;
				GCC_WARN_UNDECLARED_SELECTOR = YES;
				GCC_WARN_UNINITIALIZED_AUTOS = YES_AGGRESSIVE;
				GCC_WARN_UNUSED_FUNCTION = YES;
				GCC_WARN_UNUSED_VARIABLE = YES;
				IPHONEOS_DEPLOYMENT_TARGET = 16.4;
				MTL_ENABLE_DEBUG_INFO = INCLUDE_SOURCE;
				MTL_FAST_MATH = YES;
				ONLY_ACTIVE_ARCH = YES;
				SDKROOT = iphoneos;
				SWIFT_ACTIVE_COMPILATION_CONDITIONS = DEBUG;
				SWIFT_OPTIMIZATION_LEVEL = "-Onone";
			};
			name = Debug;
		};
		4A7680B629DEACE4007070FD /* Release */ = {
			isa = XCBuildConfiguration;
			buildSettings = {
				ALWAYS_SEARCH_USER_PATHS = NO;
				CLANG_ANALYZER_NONNULL = YES;
				CLANG_ANALYZER_NUMBER_OBJECT_CONVERSION = YES_AGGRESSIVE;
				CLANG_CXX_LANGUAGE_STANDARD = "gnu++20";
				CLANG_ENABLE_MODULES = YES;
				CLANG_ENABLE_OBJC_ARC = YES;
				CLANG_ENABLE_OBJC_WEAK = YES;
				CLANG_WARN_BLOCK_CAPTURE_AUTORELEASING = YES;
				CLANG_WARN_BOOL_CONVERSION = YES;
				CLANG_WARN_COMMA = YES;
				CLANG_WARN_CONSTANT_CONVERSION = YES;
				CLANG_WARN_DEPRECATED_OBJC_IMPLEMENTATIONS = YES;
				CLANG_WARN_DIRECT_OBJC_ISA_USAGE = YES_ERROR;
				CLANG_WARN_DOCUMENTATION_COMMENTS = YES;
				CLANG_WARN_EMPTY_BODY = YES;
				CLANG_WARN_ENUM_CONVERSION = YES;
				CLANG_WARN_INFINITE_RECURSION = YES;
				CLANG_WARN_INT_CONVERSION = YES;
				CLANG_WARN_NON_LITERAL_NULL_CONVERSION = YES;
				CLANG_WARN_OBJC_IMPLICIT_RETAIN_SELF = YES;
				CLANG_WARN_OBJC_LITERAL_CONVERSION = YES;
				CLANG_WARN_OBJC_ROOT_CLASS = YES_ERROR;
				CLANG_WARN_QUOTED_INCLUDE_IN_FRAMEWORK_HEADER = YES;
				CLANG_WARN_RANGE_LOOP_ANALYSIS = YES;
				CLANG_WARN_STRICT_PROTOTYPES = YES;
				CLANG_WARN_SUSPICIOUS_MOVE = YES;
				CLANG_WARN_UNGUARDED_AVAILABILITY = YES_AGGRESSIVE;
				CLANG_WARN_UNREACHABLE_CODE = YES;
				CLANG_WARN__DUPLICATE_METHOD_MATCH = YES;
				COPY_PHASE_STRIP = NO;
				DEBUG_INFORMATION_FORMAT = "dwarf-with-dsym";
				ENABLE_NS_ASSERTIONS = NO;
				ENABLE_STRICT_OBJC_MSGSEND = YES;
				GCC_C_LANGUAGE_STANDARD = gnu11;
				GCC_NO_COMMON_BLOCKS = YES;
				GCC_WARN_64_TO_32_BIT_CONVERSION = YES;
				GCC_WARN_ABOUT_RETURN_TYPE = YES_ERROR;
				GCC_WARN_UNDECLARED_SELECTOR = YES;
				GCC_WARN_UNINITIALIZED_AUTOS = YES_AGGRESSIVE;
				GCC_WARN_UNUSED_FUNCTION = YES;
				GCC_WARN_UNUSED_VARIABLE = YES;
				IPHONEOS_DEPLOYMENT_TARGET = 16.4;
				MTL_ENABLE_DEBUG_INFO = NO;
				MTL_FAST_MATH = YES;
				SDKROOT = iphoneos;
				SWIFT_COMPILATION_MODE = wholemodule;
				SWIFT_OPTIMIZATION_LEVEL = "-O";
				VALIDATE_PRODUCT = YES;
			};
			name = Release;
		};
		4A7680B829DEACE4007070FD /* Debug */ = {
			isa = XCBuildConfiguration;
			buildSettings = {
				ALWAYS_EMBED_SWIFT_STANDARD_LIBRARIES = YES;
				ASSETCATALOG_COMPILER_APPICON_NAME = AppIcon;
				ASSETCATALOG_COMPILER_GLOBAL_ACCENT_COLOR_NAME = AccentColor;
				CODE_SIGN_STYLE = Automatic;
				CURRENT_PROJECT_VERSION = 1;
				GENERATE_INFOPLIST_FILE = YES;
				INFOPLIST_FILE = Navigation/Info.plist;
				INFOPLIST_KEY_UIApplicationSupportsIndirectInputEvents = YES;
				INFOPLIST_KEY_UILaunchStoryboardName = LaunchScreen;
				INFOPLIST_KEY_UIMainStoryboardFile = "";
				INFOPLIST_KEY_UISupportedInterfaceOrientations_iPad = "UIInterfaceOrientationPortrait UIInterfaceOrientationPortraitUpsideDown UIInterfaceOrientationLandscapeLeft UIInterfaceOrientationLandscapeRight";
				INFOPLIST_KEY_UISupportedInterfaceOrientations_iPhone = "UIInterfaceOrientationPortrait UIInterfaceOrientationLandscapeLeft UIInterfaceOrientationLandscapeRight";
				LD_RUNPATH_SEARCH_PATHS = (
					"$(inherited)",
					"@executable_path/Frameworks",
				);
				MARKETING_VERSION = 1.0;
				PRODUCT_BUNDLE_IDENTIFIER = com.maybert.Navigation;
				PRODUCT_NAME = "$(TARGET_NAME)";
				SUPPORTED_PLATFORMS = "iphoneos iphonesimulator";
				SUPPORTS_MACCATALYST = NO;
				SUPPORTS_MAC_DESIGNED_FOR_IPHONE_IPAD = NO;
				SWIFT_EMIT_LOC_STRINGS = YES;
				SWIFT_VERSION = 5.0;
				TARGETED_DEVICE_FAMILY = 1;
			};
			name = Debug;
		};
		4A7680B929DEACE4007070FD /* Release */ = {
			isa = XCBuildConfiguration;
			buildSettings = {
				ALWAYS_EMBED_SWIFT_STANDARD_LIBRARIES = YES;
				ASSETCATALOG_COMPILER_APPICON_NAME = AppIcon;
				ASSETCATALOG_COMPILER_GLOBAL_ACCENT_COLOR_NAME = AccentColor;
				CODE_SIGN_STYLE = Automatic;
				CURRENT_PROJECT_VERSION = 1;
				GENERATE_INFOPLIST_FILE = YES;
				INFOPLIST_FILE = Navigation/Info.plist;
				INFOPLIST_KEY_UIApplicationSupportsIndirectInputEvents = YES;
				INFOPLIST_KEY_UILaunchStoryboardName = LaunchScreen;
				INFOPLIST_KEY_UIMainStoryboardFile = "";
				INFOPLIST_KEY_UISupportedInterfaceOrientations_iPad = "UIInterfaceOrientationPortrait UIInterfaceOrientationPortraitUpsideDown UIInterfaceOrientationLandscapeLeft UIInterfaceOrientationLandscapeRight";
				INFOPLIST_KEY_UISupportedInterfaceOrientations_iPhone = "UIInterfaceOrientationPortrait UIInterfaceOrientationLandscapeLeft UIInterfaceOrientationLandscapeRight";
				LD_RUNPATH_SEARCH_PATHS = (
					"$(inherited)",
					"@executable_path/Frameworks",
				);
				MARKETING_VERSION = 1.0;
				PRODUCT_BUNDLE_IDENTIFIER = com.maybert.Navigation;
				PRODUCT_NAME = "$(TARGET_NAME)";
				SUPPORTED_PLATFORMS = "iphoneos iphonesimulator";
				SUPPORTS_MACCATALYST = NO;
				SUPPORTS_MAC_DESIGNED_FOR_IPHONE_IPAD = NO;
				SWIFT_EMIT_LOC_STRINGS = YES;
				SWIFT_VERSION = 5.0;
				TARGETED_DEVICE_FAMILY = 1;
			};
			name = Release;
		};
/* End XCBuildConfiguration section */

/* Begin XCConfigurationList section */
		4A60BAFE2A30F1F10029FD17 /* Build configuration list for PBXNativeTarget "StorageService" */ = {
			isa = XCConfigurationList;
			buildConfigurations = (
				4A60BAFA2A30F1F10029FD17 /* Debug */,
				4A60BAFB2A30F1F10029FD17 /* Release */,
			);
			defaultConfigurationIsVisible = 0;
			defaultConfigurationName = Release;
		};
		4A60BAFF2A30F1F10029FD17 /* Build configuration list for PBXNativeTarget "StorageServiceTests" */ = {
			isa = XCConfigurationList;
			buildConfigurations = (
				4A60BAFC2A30F1F10029FD17 /* Debug */,
				4A60BAFD2A30F1F10029FD17 /* Release */,
			);
			defaultConfigurationIsVisible = 0;
			defaultConfigurationName = Release;
		};
		4A76809E29DEACE3007070FD /* Build configuration list for PBXProject "Navigation" */ = {
			isa = XCConfigurationList;
			buildConfigurations = (
				4A7680B529DEACE4007070FD /* Debug */,
				4A7680B629DEACE4007070FD /* Release */,
			);
			defaultConfigurationIsVisible = 0;
			defaultConfigurationName = Release;
		};
		4A7680B729DEACE4007070FD /* Build configuration list for PBXNativeTarget "Navigation" */ = {
			isa = XCConfigurationList;
			buildConfigurations = (
				4A7680B829DEACE4007070FD /* Debug */,
				4A7680B929DEACE4007070FD /* Release */,
			);
			defaultConfigurationIsVisible = 0;
			defaultConfigurationName = Release;
		};
/* End XCConfigurationList section */

/* Begin XCRemoteSwiftPackageReference section */
		4A9E94142A740A9A00E9BDB9 /* XCRemoteSwiftPackageReference "iOSIntPackage" */ = {
			isa = XCRemoteSwiftPackageReference;
			repositoryURL = "https://github.com/TrueMax/iOSIntPackage/";
			requirement = {
				kind = exactVersion;
				version = 3.2.3;
			};
		};
		4A9E942A2A7712A900E9BDB9 /* XCRemoteSwiftPackageReference "Toast-Swift" */ = {
			isa = XCRemoteSwiftPackageReference;
			repositoryURL = "https://github.com/scalessec/Toast-Swift";
			requirement = {
				kind = upToNextMajorVersion;
				minimumVersion = 5.0.0;
			};
		};
/* End XCRemoteSwiftPackageReference section */

/* Begin XCSwiftPackageProductDependency section */
		4A9E94152A740A9A00E9BDB9 /* iOSIntPackage */ = {
			isa = XCSwiftPackageProductDependency;
			package = 4A9E94142A740A9A00E9BDB9 /* XCRemoteSwiftPackageReference "iOSIntPackage" */;
			productName = iOSIntPackage;
		};
		4A9E942B2A7712A900E9BDB9 /* Toast */ = {
			isa = XCSwiftPackageProductDependency;
			package = 4A9E942A2A7712A900E9BDB9 /* XCRemoteSwiftPackageReference "Toast-Swift" */;
			productName = Toast;
		};
/* End XCSwiftPackageProductDependency section */
	};
	rootObject = 4A76809B29DEACE3007070FD /* Project object */;
}
